
Microsoft Visual Studio Solution File, Format Version 12.00
# Visual Studio 2013
VisualStudioVersion = 12.0.31101.0
MinimumVisualStudioVersion = 10.0.40219.1
Project("{FAE04EC0-301F-11D3-BF4B-00C04F79EFBC}") = "UniversityReview", "UniversityReview\UniversityReview.csproj", "{649FE641-15A0-4681-BB34-62EC9C53A1BE}"
EndProject
Project("{FAE04EC0-301F-11D3-BF4B-00C04F79EFBC}") = "UniversityReview.Tests", "UniversityReview.Tests\UniversityReview.Tests.csproj", "{E20D5473-BBC9-4587-8EAF-50CA45322EB1}"
EndProject
Global
	GlobalSection(SolutionConfigurationPlatforms) = preSolution
		Debug|Any CPU = Debug|Any CPU
		Release|Any CPU = Release|Any CPU
	EndGlobalSection
	GlobalSection(ProjectConfigurationPlatforms) = postSolution
		{649FE641-15A0-4681-BB34-62EC9C53A1BE}.Debug|Any CPU.ActiveCfg = Debug|Any CPU
		{649FE641-15A0-4681-BB34-62EC9C53A1BE}.Debug|Any CPU.Build.0 = Debug|Any CPU
		{649FE641-15A0-4681-BB34-62EC9C53A1BE}.Release|Any CPU.ActiveCfg = Release|Any CPU
		{649FE641-15A0-4681-BB34-62EC9C53A1BE}.Release|Any CPU.Build.0 = Release|Any CPU
		{E20D5473-BBC9-4587-8EAF-50CA45322EB1}.Debug|Any CPU.ActiveCfg = Debug|Any CPU
		{E20D5473-BBC9-4587-8EAF-50CA45322EB1}.Debug|Any CPU.Build.0 = Debug|Any CPU
		{E20D5473-BBC9-4587-8EAF-50CA45322EB1}.Release|Any CPU.ActiveCfg = Release|Any CPU
		{E20D5473-BBC9-4587-8EAF-50CA45322EB1}.Release|Any CPU.Build.0 = Release|Any CPU
	EndGlobalSection
	GlobalSection(SolutionProperties) = preSolution
		HideSolutionNode = FALSE
	EndGlobalSection
EndGlobal
